
Microsoft Visual Studio Solution File, Format Version 12.00
# Visual Studio Version 17
VisualStudioVersion = 17.6.33829.357
MinimumVisualStudioVersion = 10.0.40219.1
Project("{FAE04EC0-301F-11D3-BF4B-00C04F79EFBC}") = "CalcAvg", "CalcAvg\CalcAvg.csproj", "{799F3E8D-1164-4646-8EAB-86858D9838BA}"
EndProject
Global
	GlobalSection(SolutionConfigurationPlatforms) = preSolution
		Debug|Any CPU = Debug|Any CPU
		Release|Any CPU = Release|Any CPU
	EndGlobalSection
	GlobalSection(ProjectConfigurationPlatforms) = postSolution
		{799F3E8D-1164-4646-8EAB-86858D9838BA}.Debug|Any CPU.ActiveCfg = Debug|Any CPU
		{799F3E8D-1164-4646-8EAB-86858D9838BA}.Debug|Any CPU.Build.0 = Debug|Any CPU
		{799F3E8D-1164-4646-8EAB-86858D9838BA}.Release|Any CPU.ActiveCfg = Release|Any CPU
		{799F3E8D-1164-4646-8EAB-86858D9838BA}.Release|Any CPU.Build.0 = Release|Any CPU
	EndGlobalSection
	GlobalSection(SolutionProperties) = preSolution
		HideSolutionNode = FALSE
	EndGlobalSection
	GlobalSection(ExtensibilityGlobals) = postSolution
		SolutionGuid = {76EB2B93-E097-4805-8730-F9F001D93558}
	EndGlobalSection
EndGlobal
